
Microsoft Visual Studio Solution File, Format Version 12.00
# Visual Studio 2013
VisualStudioVersion = 12.0.31101.0
MinimumVisualStudioVersion = 10.0.40219.1
Project("{2150E333-8FDC-42A3-9474-1A3956D46DE8}") = "ProducerConsumer", "ProducerConsumer", "{6D986C29-F09F-4205-B67F-9D703B6BBE9F}"
EndProject
Project("{2150E333-8FDC-42A3-9474-1A3956D46DE8}") = "Kalman", "Kalman", "{744D6C28-B5AC-4AB4-B3C1-A6D72467D3B9}"
EndProject
Project("{FAE04EC0-301F-11D3-BF4B-00C04F79EFBC}") = "KalmanSimPlot", "Kalman\KalmanPlot\KalmanSimPlot.csproj", "{572503F4-908A-46BA-9079-92CFA02B5A24}"
EndProject
Project("{FAE04EC0-301F-11D3-BF4B-00C04F79EFBC}") = "KalmanTest", "Kalman\KalmanTest\KalmanTest.csproj", "{E000EA5D-CCAA-4F95-9965-CC1444C58734}"
EndProject
Project("{FAE04EC0-301F-11D3-BF4B-00C04F79EFBC}") = "ProducerConsumerBlocking", "ProducerConsumer\ProducerConsumerBlocking\ProducerConsumerBlocking.csproj", "{DE88EA68-17F6-47CB-8EE6-AD79161D559E}"
EndProject
Project("{FAE04EC0-301F-11D3-BF4B-00C04F79EFBC}") = "ProducerConsumerBlockingTests", "ProducerConsumer\ProducerConsumerBlockingTests\ProducerConsumerBlockingTests.csproj", "{1127CB27-DD3F-4BF1-AC03-5670C5B8906B}"
EndProject
Global
	GlobalSection(SolutionConfigurationPlatforms) = preSolution
		Debug|Any CPU = Debug|Any CPU
		Debug|Mixed Platforms = Debug|Mixed Platforms
		Debug|x86 = Debug|x86
		Release|Any CPU = Release|Any CPU
		Release|Mixed Platforms = Release|Mixed Platforms
		Release|x86 = Release|x86
	EndGlobalSection
	GlobalSection(ProjectConfigurationPlatforms) = postSolution
		{572503F4-908A-46BA-9079-92CFA02B5A24}.Debug|Any CPU.ActiveCfg = Debug|x86
		{572503F4-908A-46BA-9079-92CFA02B5A24}.Debug|Mixed Platforms.ActiveCfg = Debug|x86
		{572503F4-908A-46BA-9079-92CFA02B5A24}.Debug|Mixed Platforms.Build.0 = Debug|x86
		{572503F4-908A-46BA-9079-92CFA02B5A24}.Debug|x86.ActiveCfg = Debug|x86
		{572503F4-908A-46BA-9079-92CFA02B5A24}.Debug|x86.Build.0 = Debug|x86
		{572503F4-908A-46BA-9079-92CFA02B5A24}.Release|Any CPU.ActiveCfg = Release|x86
		{572503F4-908A-46BA-9079-92CFA02B5A24}.Release|Mixed Platforms.ActiveCfg = Release|x86
		{572503F4-908A-46BA-9079-92CFA02B5A24}.Release|Mixed Platforms.Build.0 = Release|x86
		{572503F4-908A-46BA-9079-92CFA02B5A24}.Release|x86.ActiveCfg = Release|x86
		{572503F4-908A-46BA-9079-92CFA02B5A24}.Release|x86.Build.0 = Release|x86
		{E000EA5D-CCAA-4F95-9965-CC1444C58734}.Debug|Any CPU.ActiveCfg = Debug|Any CPU
		{E000EA5D-CCAA-4F95-9965-CC1444C58734}.Debug|Any CPU.Build.0 = Debug|Any CPU
		{E000EA5D-CCAA-4F95-9965-CC1444C58734}.Debug|Mixed Platforms.ActiveCfg = Debug|Any CPU
		{E000EA5D-CCAA-4F95-9965-CC1444C58734}.Debug|Mixed Platforms.Build.0 = Debug|Any CPU
		{E000EA5D-CCAA-4F95-9965-CC1444C58734}.Debug|x86.ActiveCfg = Debug|Any CPU
		{E000EA5D-CCAA-4F95-9965-CC1444C58734}.Release|Any CPU.ActiveCfg = Release|Any CPU
		{E000EA5D-CCAA-4F95-9965-CC1444C58734}.Release|Any CPU.Build.0 = Release|Any CPU
		{E000EA5D-CCAA-4F95-9965-CC1444C58734}.Release|Mixed Platforms.ActiveCfg = Release|Any CPU
		{E000EA5D-CCAA-4F95-9965-CC1444C58734}.Release|Mixed Platforms.Build.0 = Release|Any CPU
		{E000EA5D-CCAA-4F95-9965-CC1444C58734}.Release|x86.ActiveCfg = Release|Any CPU
		{DE88EA68-17F6-47CB-8EE6-AD79161D559E}.Debug|Any CPU.ActiveCfg = Debug|Any CPU
		{DE88EA68-17F6-47CB-8EE6-AD79161D559E}.Debug|Any CPU.Build.0 = Debug|Any CPU
		{DE88EA68-17F6-47CB-8EE6-AD79161D559E}.Debug|Mixed Platforms.ActiveCfg = Debug|Any CPU
		{DE88EA68-17F6-47CB-8EE6-AD79161D559E}.Debug|Mixed Platforms.Build.0 = Debug|Any CPU
		{DE88EA68-17F6-47CB-8EE6-AD79161D559E}.Debug|x86.ActiveCfg = Debug|Any CPU
		{DE88EA68-17F6-47CB-8EE6-AD79161D559E}.Release|Any CPU.ActiveCfg = Release|Any CPU
		{DE88EA68-17F6-47CB-8EE6-AD79161D559E}.Release|Any CPU.Build.0 = Release|Any CPU
		{DE88EA68-17F6-47CB-8EE6-AD79161D559E}.Release|Mixed Platforms.ActiveCfg = Release|Any CPU
		{DE88EA68-17F6-47CB-8EE6-AD79161D559E}.Release|Mixed Platforms.Build.0 = Release|Any CPU
		{DE88EA68-17F6-47CB-8EE6-AD79161D559E}.Release|x86.ActiveCfg = Release|Any CPU
		{1127CB27-DD3F-4BF1-AC03-5670C5B8906B}.Debug|Any CPU.ActiveCfg = Debug|Any CPU
		{1127CB27-DD3F-4BF1-AC03-5670C5B8906B}.Debug|Any CPU.Build.0 = Debug|Any CPU
		{1127CB27-DD3F-4BF1-AC03-5670C5B8906B}.Debug|Mixed Platforms.ActiveCfg = Debug|Any CPU
		{1127CB27-DD3F-4BF1-AC03-5670C5B8906B}.Debug|Mixed Platforms.Build.0 = Debug|Any CPU
		{1127CB27-DD3F-4BF1-AC03-5670C5B8906B}.Debug|x86.ActiveCfg = Debug|Any CPU
		{1127CB27-DD3F-4BF1-AC03-5670C5B8906B}.Release|Any CPU.ActiveCfg = Release|Any CPU
		{1127CB27-DD3F-4BF1-AC03-5670C5B8906B}.Release|Any CPU.Build.0 = Release|Any CPU
		{1127CB27-DD3F-4BF1-AC03-5670C5B8906B}.Release|Mixed Platforms.ActiveCfg = Release|Any CPU
		{1127CB27-DD3F-4BF1-AC03-5670C5B8906B}.Release|Mixed Platforms.Build.0 = Release|Any CPU
		{1127CB27-DD3F-4BF1-AC03-5670C5B8906B}.Release|x86.ActiveCfg = Release|Any CPU
	EndGlobalSection
	GlobalSection(SolutionProperties) = preSolution
		HideSolutionNode = FALSE
	EndGlobalSection
	GlobalSection(NestedProjects) = preSolution
		{572503F4-908A-46BA-9079-92CFA02B5A24} = {744D6C28-B5AC-4AB4-B3C1-A6D72467D3B9}
		{E000EA5D-CCAA-4F95-9965-CC1444C58734} = {744D6C28-B5AC-4AB4-B3C1-A6D72467D3B9}
		{DE88EA68-17F6-47CB-8EE6-AD79161D559E} = {6D986C29-F09F-4205-B67F-9D703B6BBE9F}
		{1127CB27-DD3F-4BF1-AC03-5670C5B8906B} = {6D986C29-F09F-4205-B67F-9D703B6BBE9F}
	EndGlobalSection
EndGlobal
